Microsoft Visual Studio Solution File, Format Version 12.00
# Visual Studio 2012
Project("{FAE04EC0-301F-11D3-BF4B-00C04F79EFBC}") = "A Passage to Pass", "A Passage to Pass.csproj", "{5FE27796-4033-4EE9-8387-19D9015F66DA}"
EndProject
Global
	GlobalSection(SolutionConfigurationPlatforms) = preSolution
	Debug|Any CPU = Debug|Any CPU
	Release|Any CPU = Release|Any CPU
	Tools|Any CPU = Tools|Any CPU
	EndGlobalSection
	GlobalSection(ProjectConfigurationPlatforms) = postSolution
		{5FE27796-4033-4EE9-8387-19D9015F66DA}.Debug|Any CPU.ActiveCfg = Debug|Any CPU
		{5FE27796-4033-4EE9-8387-19D9015F66DA}.Debug|Any CPU.Build.0 = Debug|Any CPU
		{5FE27796-4033-4EE9-8387-19D9015F66DA}.Release|Any CPU.ActiveCfg = Release|Any CPU
		{5FE27796-4033-4EE9-8387-19D9015F66DA}.Release|Any CPU.Build.0 = Release|Any CPU
		{5FE27796-4033-4EE9-8387-19D9015F66DA}.Tools|Any CPU.ActiveCfg = Tools|Any CPU
		{5FE27796-4033-4EE9-8387-19D9015F66DA}.Tools|Any CPU.Build.0 = Tools|Any CPU
	EndGlobalSection
EndGlobal
